
Microsoft Visual Studio Solution File, Format Version 12.00
# Visual Studio Version 17
VisualStudioVersion = 17.14.36603.0 d17.14
MinimumVisualStudioVersion = 10.0.40219.1
Project("{FAE04EC0-301F-11D3-BF4B-00C04F79EFBC}") = "evidenca_krav", "evidenca_krav.csproj", "{12A073D4-09E5-4065-80F2-765FDC219A94}"
EndProject
Global
	GlobalSection(SolutionConfigurationPlatforms) = preSolution
		Debug|Any CPU = Debug|Any CPU
		Release|Any CPU = Release|Any CPU
	EndGlobalSection
	GlobalSection(ProjectConfigurationPlatforms) = postSolution
		{12A073D4-09E5-4065-80F2-765FDC219A94}.Debug|Any CPU.ActiveCfg = Debug|Any CPU
		{12A073D4-09E5-4065-80F2-765FDC219A94}.Debug|Any CPU.Build.0 = Debug|Any CPU
		{12A073D4-09E5-4065-80F2-765FDC219A94}.Release|Any CPU.ActiveCfg = Release|Any CPU
		{12A073D4-09E5-4065-80F2-765FDC219A94}.Release|Any CPU.Build.0 = Release|Any CPU
	EndGlobalSection
	GlobalSection(SolutionProperties) = preSolution
		HideSolutionNode = FALSE
	EndGlobalSection
	GlobalSection(ExtensibilityGlobals) = postSolution
		SolutionGuid = {39EF978A-756B-41C6-85D2-D9F653DE5821}
	EndGlobalSection
EndGlobal
